
Microsoft Visual Studio Solution File, Format Version 12.00
# Visual Studio Version 17
VisualStudioVersion = 17.12.35707.178 d17.12
MinimumVisualStudioVersion = 10.0.40219.1
Project("{FAE04EC0-301F-11D3-BF4B-00C04F79EFBC}") = "GrayCat.Shared", "GrayCat.Shared\GrayCat.Shared.csproj", "{73FCCF65-098C-4892-A575-8690E514DE61}"
EndProject
Project("{FAE04EC0-301F-11D3-BF4B-00C04F79EFBC}") = "GrayCatService", "GrayCatService\GrayCatService.csproj", "{2E18775E-0309-43E1-92E9-FFF1FCC3253B}"
EndProject
Project("{FAE04EC0-301F-11D3-BF4B-00C04F79EFBC}") = "GrayCatUI", "GrayCatUI\GrayCatUI.csproj", "{80400759-9B8F-44DE-8264-5172CDF99075}"
EndProject
Global
	GlobalSection(SolutionConfigurationPlatforms) = preSolution
		Debug|Any CPU = Debug|Any CPU
		Release|Any CPU = Release|Any CPU
	EndGlobalSection
	GlobalSection(ProjectConfigurationPlatforms) = postSolution
		{73FCCF65-098C-4892-A575-8690E514DE61}.Debug|Any CPU.ActiveCfg = Debug|Any CPU
		{73FCCF65-098C-4892-A575-8690E514DE61}.Debug|Any CPU.Build.0 = Debug|Any CPU
		{73FCCF65-098C-4892-A575-8690E514DE61}.Release|Any CPU.ActiveCfg = Release|Any CPU
		{73FCCF65-098C-4892-A575-8690E514DE61}.Release|Any CPU.Build.0 = Release|Any CPU
		{2E18775E-0309-43E1-92E9-FFF1FCC3253B}.Debug|Any CPU.ActiveCfg = Debug|Any CPU
		{2E18775E-0309-43E1-92E9-FFF1FCC3253B}.Debug|Any CPU.Build.0 = Debug|Any CPU
		{2E18775E-0309-43E1-92E9-FFF1FCC3253B}.Release|Any CPU.ActiveCfg = Release|Any CPU
		{2E18775E-0309-43E1-92E9-FFF1FCC3253B}.Release|Any CPU.Build.0 = Release|Any CPU
		{80400759-9B8F-44DE-8264-5172CDF99075}.Debug|Any CPU.ActiveCfg = Debug|Any CPU
		{80400759-9B8F-44DE-8264-5172CDF99075}.Debug|Any CPU.Build.0 = Debug|Any CPU
		{80400759-9B8F-44DE-8264-5172CDF99075}.Release|Any CPU.ActiveCfg = Release|Any CPU
		{80400759-9B8F-44DE-8264-5172CDF99075}.Release|Any CPU.Build.0 = Release|Any CPU
	EndGlobalSection
	GlobalSection(SolutionProperties) = preSolution
		HideSolutionNode = FALSE
	EndGlobalSection
EndGlobal
