<Solution>
  <Configurations>
    <Platform Name="Any CPU" />
    <Platform Name="x64" />
    <Platform Name="x86" />
  </Configurations>
  <Project Path="JolieCatEngine.Bridge.JNI/JolieCatEngine.Bridge.JNI.vcxproj">
    <BuildDependency Project="JolieCatEngine.Core/JolieCatEngine.Core.vcxproj" />
  </Project>
  <Project Path="JolieCatEngine.Core/JolieCatEngine.Core.vcxproj" />
  <Project Path="JolieCatEngine.Editor/JolieCatEngine.Editor.csproj">
    <BuildDependency Project="JolieCatEngine.Core/JolieCatEngine.Core.vcxproj" />
  </Project>
  <Project Path="JolieCatEngine.Runtime/JolieCatEngine.Runtime.vcxproj">
    <BuildDependency Project="JolieCatEngine.Core/JolieCatEngine.Core.vcxproj" />
  </Project>
  <Project Path="JolieCatEngine.Scripting.CSharp/JolieCatEngine.Scripting.CSharp.csproj" />
  <Project Path="JolieCatEngine.Scripting.Native/JolieCatEngine.Scripting.Native.vcxproj">
    <BuildDependency Project="JolieCatEngine.Core/JolieCatEngine.Core.vcxproj" />
  </Project>
</Solution>
